// !$*UTF8*$!
{
	archiveVersion = 1;
	classes = {
	};
	objectVersion = 46;
	objects = {

/* Begin PBXBuildFile section */
		424EA2F61D63DCB300234AE1 /* GameKit.framework in Frameworks */ = {isa = PBXBuildFile; fileRef = 424EA2F51D63DCB300234AE1 /* GameKit.framework */; };
		42A9BADB1D051BFA009B7ACF /* AppDelegate.swift in Sources */ = {isa = PBXBuildFile; fileRef = 42A9BADA1D051BFA009B7ACF /* AppDelegate.swift */; };
		42A9BADF1D051BFA009B7ACF /* GameScene.swift in Sources */ = {isa = PBXBuildFile; fileRef = 42A9BADE1D051BFA009B7ACF /* GameScene.swift */; };
		42A9BAE11D051BFA009B7ACF /* GameViewController.swift in Sources */ = {isa = PBXBuildFile; fileRef = 42A9BAE01D051BFA009B7ACF /* GameViewController.swift */; };
		42A9BAE41D051BFA009B7ACF /* Main.storyboard in Resources */ = {isa = PBXBuildFile; fileRef = 42A9BAE21D051BFA009B7ACF /* Main.storyboard */; };
		42A9BAE61D051BFA009B7ACF /* Assets.xcassets in Resources */ = {isa = PBXBuildFile; fileRef = 42A9BAE51D051BFA009B7ACF /* Assets.xcassets */; };
		42A9BAF41D051BFA009B7ACF /* swiftrisTests.swift in Sources */ = {isa = PBXBuildFile; fileRef = 42A9BAF31D051BFA009B7ACF /* swiftrisTests.swift */; };
		42A9BB261D0A48C4009B7ACF /* Array2D.swift in Sources */ = {isa = PBXBuildFile; fileRef = 42A9BB251D0A48C4009B7ACF /* Array2D.swift */; };
		42A9BB281D0BA46A009B7ACF /* Block.swift in Sources */ = {isa = PBXBuildFile; fileRef = 42A9BB271D0BA46A009B7ACF /* Block.swift */; };
		42A9BB2A1D10D526009B7ACF /* Shape.swift in Sources */ = {isa = PBXBuildFile; fileRef = 42A9BB291D10D526009B7ACF /* Shape.swift */; };
		42A9BB2C1D10E31C009B7ACF /* SquareShape.swift in Sources */ = {isa = PBXBuildFile; fileRef = 42A9BB2B1D10E31C009B7ACF /* SquareShape.swift */; };
		42A9BB2E1D10E6D0009B7ACF /* TShape.swift in Sources */ = {isa = PBXBuildFile; fileRef = 42A9BB2D1D10E6D0009B7ACF /* TShape.swift */; };
		42A9BB301D10E7D9009B7ACF /* LineShape.swift in Sources */ = {isa = PBXBuildFile; fileRef = 42A9BB2F1D10E7D8009B7ACF /* LineShape.swift */; };
		42A9BB321D10E815009B7ACF /* LShape.swift in Sources */ = {isa = PBXBuildFile; fileRef = 42A9BB311D10E815009B7ACF /* LShape.swift */; };
		42A9BB341D10E880009B7ACF /* JShape.swift in Sources */ = {isa = PBXBuildFile; fileRef = 42A9BB331D10E880009B7ACF /* JShape.swift */; };
		42A9BB361D10E8AA009B7ACF /* SShape.swift in Sources */ = {isa = PBXBuildFile; fileRef = 42A9BB351D10E8AA009B7ACF /* SShape.swift */; };
		42A9BB381D10E8E0009B7ACF /* ZShape.swift in Sources */ = {isa = PBXBuildFile; fileRef = 42A9BB371D10E8E0009B7ACF /* ZShape.swift */; };
		42A9BB3A1D10F5EE009B7ACF /* Swiftris.swift in Sources */ = {isa = PBXBuildFile; fileRef = 42A9BB391D10F5EE009B7ACF /* Swiftris.swift */; };
		42A9BB491D2215DA009B7ACF /* HomeViewController.swift in Sources */ = {isa = PBXBuildFile; fileRef = 42A9BB481D2215DA009B7ACF /* HomeViewController.swift */; };
		42DBE3581D6AC1C600D0A5E0 /* GameCenterCommunicator.swift in Sources */ = {isa = PBXBuildFile; fileRef = 42DBE3571D6AC1C600D0A5E0 /* GameCenterCommunicator.swift */; };
		42DBE3591D6AC1C600D0A5E0 /* GameCenterCommunicator.swift in Sources */ = {isa = PBXBuildFile; fileRef = 42DBE3571D6AC1C600D0A5E0 /* GameCenterCommunicator.swift */; };
		CCA885AE1D20F1AC0061A040 /* Sprites.atlas in Resources */ = {isa = PBXBuildFile; fileRef = CCA885AD1D20F1AC0061A040 /* Sprites.atlas */; };
		CCA885B51D20F1B40061A040 /* bomb.mp3 in Resources */ = {isa = PBXBuildFile; fileRef = CCA885B01D20F1B40061A040 /* bomb.mp3 */; };
		CCA885B61D20F1B40061A040 /* drop.mp3 in Resources */ = {isa = PBXBuildFile; fileRef = CCA885B11D20F1B40061A040 /* drop.mp3 */; };
		CCA885B71D20F1B40061A040 /* gameover.mp3 in Resources */ = {isa = PBXBuildFile; fileRef = CCA885B21D20F1B40061A040 /* gameover.mp3 */; };
		CCA885B81D20F1B40061A040 /* levelup.mp3 in Resources */ = {isa = PBXBuildFile; fileRef = CCA885B31D20F1B40061A040 /* levelup.mp3 */; };
		CCA885B91D20F1B40061A040 /* theme.mp3 in Resources */ = {isa = PBXBuildFile; fileRef = CCA885B41D20F1B40061A040 /* theme.mp3 */; };
/* End PBXBuildFile section */

/* Begin PBXContainerItemProxy section */
		42A9BAF01D051BFA009B7ACF /* PBXContainerItemProxy */ = {
			isa = PBXContainerItemProxy;
			containerPortal = 42A9BACF1D051BFA009B7ACF /* Project object */;
			proxyType = 1;
			remoteGlobalIDString = 42A9BAD61D051BFA009B7ACF;
			remoteInfo = swiftris;
		};
		42A9BAFB1D051BFA009B7ACF /* PBXContainerItemProxy */ = {
			isa = PBXContainerItemProxy;
			containerPortal = 42A9BACF1D051BFA009B7ACF /* Project object */;
			proxyType = 1;
			remoteGlobalIDString = 42A9BAD61D051BFA009B7ACF;
			remoteInfo = swiftris;
		};
/* End PBXContainerItemProxy section */

/* Begin PBXFileReference section */
		424EA2F51D63DCB300234AE1 /* GameKit.framework */ = {isa = PBXFileReference; lastKnownFileType = wrapper.framework; name = GameKit.framework; path = System/Library/Frameworks/GameKit.framework; sourceTree = SDKROOT; };
		42A9BAD71D051BFA009B7ACF /* swiftris.app */ = {isa = PBXFileReference; explicitFileType = wrapper.application; includeInIndex = 0; path = swiftris.app; sourceTree = BUILT_PRODUCTS_DIR; };
		42A9BADA1D051BFA009B7ACF /* AppDelegate.swift */ = {isa = PBXFileReference; lastKnownFileType = sourcecode.swift; path = AppDelegate.swift; sourceTree = "<group>"; };
		42A9BADE1D051BFA009B7ACF /* GameScene.swift */ = {isa = PBXFileReference; lastKnownFileType = sourcecode.swift; path = GameScene.swift; sourceTree = "<group>"; };
		42A9BAE01D051BFA009B7ACF /* GameViewController.swift */ = {isa = PBXFileReference; lastKnownFileType = sourcecode.swift; path = GameViewController.swift; sourceTree = "<group>"; };
		42A9BAE31D051BFA009B7ACF /* Base */ = {isa = PBXFileReference; lastKnownFileType = file.storyboard; name = Base; path = Base.lproj/Main.storyboard; sourceTree = "<group>"; };
		42A9BAE51D051BFA009B7ACF /* Assets.xcassets */ = {isa = PBXFileReference; lastKnownFileType = folder.assetcatalog; path = Assets.xcassets; sourceTree = "<group>"; };
		42A9BAEA1D051BFA009B7ACF /* Info.plist */ = {isa = PBXFileReference; lastKnownFileType = text.plist.xml; path = Info.plist; sourceTree = "<group>"; };
		42A9BAEF1D051BFA009B7ACF /* swiftrisTests.xctest */ = {isa = PBXFileReference; explicitFileType = wrapper.cfbundle; includeInIndex = 0; path = swiftrisTests.xctest; sourceTree = BUILT_PRODUCTS_DIR; };
		42A9BAF31D051BFA009B7ACF /* swiftrisTests.swift */ = {isa = PBXFileReference; lastKnownFileType = sourcecode.swift; path = swiftrisTests.swift; sourceTree = "<group>"; };
		42A9BAF51D051BFA009B7ACF /* Info.plist */ = {isa = PBXFileReference; lastKnownFileType = text.plist.xml; path = Info.plist; sourceTree = "<group>"; };
		42A9BAFA1D051BFA009B7ACF /* swiftrisUITests.xctest */ = {isa = PBXFileReference; explicitFileType = wrapper.cfbundle; includeInIndex = 0; path = swiftrisUITests.xctest; sourceTree = BUILT_PRODUCTS_DIR; };
		42A9BB251D0A48C4009B7ACF /* Array2D.swift */ = {isa = PBXFileReference; fileEncoding = 4; lastKnownFileType = sourcecode.swift; path = Array2D.swift; sourceTree = "<group>"; };
		42A9BB271D0BA46A009B7ACF /* Block.swift */ = {isa = PBXFileReference; fileEncoding = 4; lastKnownFileType = sourcecode.swift; path = Block.swift; sourceTree = "<group>"; };
		42A9BB291D10D526009B7ACF /* Shape.swift */ = {isa = PBXFileReference; fileEncoding = 4; lastKnownFileType = sourcecode.swift; path = Shape.swift; sourceTree = "<group>"; };
		42A9BB2B1D10E31C009B7ACF /* SquareShape.swift */ = {isa = PBXFileReference; fileEncoding = 4; lastKnownFileType = sourcecode.swift; path = SquareShape.swift; sourceTree = "<group>"; };
		42A9BB2D1D10E6D0009B7ACF /* TShape.swift */ = {isa = PBXFileReference; fileEncoding = 4; lastKnownFileType = sourcecode.swift; path = TShape.swift; sourceTree = "<group>"; };
		42A9BB2F1D10E7D8009B7ACF /* LineShape.swift */ = {isa = PBXFileReference; fileEncoding = 4; lastKnownFileType = sourcecode.swift; path = LineShape.swift; sourceTree = "<group>"; };
		42A9BB311D10E815009B7ACF /* LShape.swift */ = {isa = PBXFileReference; fileEncoding = 4; lastKnownFileType = sourcecode.swift; path = LShape.swift; sourceTree = "<group>"; };
		42A9BB331D10E880009B7ACF /* JShape.swift */ = {isa = PBXFileReference; fileEncoding = 4; lastKnownFileType = sourcecode.swift; path = JShape.swift; sourceTree = "<group>"; };
		42A9BB351D10E8AA009B7ACF /* SShape.swift */ = {isa = PBXFileReference; fileEncoding = 4; lastKnownFileType = sourcecode.swift; path = SShape.swift; sourceTree = "<group>"; };
		42A9BB371D10E8E0009B7ACF /* ZShape.swift */ = {isa = PBXFileReference; fileEncoding = 4; lastKnownFileType = sourcecode.swift; path = ZShape.swift; sourceTree = "<group>"; };
		42A9BB391D10F5EE009B7ACF /* Swiftris.swift */ = {isa = PBXFileReference; fileEncoding = 4; lastKnownFileType = sourcecode.swift; path = Swiftris.swift; sourceTree = "<group>"; };
		42A9BB481D2215DA009B7ACF /* HomeViewController.swift */ = {isa = PBXFileReference; fileEncoding = 4; lastKnownFileType = sourcecode.swift; path = HomeViewController.swift; sourceTree = "<group>"; };
		42DBE3571D6AC1C600D0A5E0 /* GameCenterCommunicator.swift */ = {isa = PBXFileReference; fileEncoding = 4; lastKnownFileType = sourcecode.swift; path = GameCenterCommunicator.swift; sourceTree = "<group>"; };
		CCA885AD1D20F1AC0061A040 /* Sprites.atlas */ = {isa = PBXFileReference; lastKnownFileType = folder.skatlas; path = Sprites.atlas; sourceTree = "<group>"; };
		CCA885B01D20F1B40061A040 /* bomb.mp3 */ = {isa = PBXFileReference; lastKnownFileType = audio.mp3; path = bomb.mp3; sourceTree = "<group>"; };
		CCA885B11D20F1B40061A040 /* drop.mp3 */ = {isa = PBXFileReference; lastKnownFileType = audio.mp3; path = drop.mp3; sourceTree = "<group>"; };
		CCA885B21D20F1B40061A040 /* gameover.mp3 */ = {isa = PBXFileReference; lastKnownFileType = audio.mp3; path = gameover.mp3; sourceTree = "<group>"; };
		CCA885B31D20F1B40061A040 /* levelup.mp3 */ = {isa = PBXFileReference; lastKnownFileType = audio.mp3; path = levelup.mp3; sourceTree = "<group>"; };
		CCA885B41D20F1B40061A040 /* theme.mp3 */ = {isa = PBXFileReference; lastKnownFileType = audio.mp3; path = theme.mp3; sourceTree = "<group>"; };
/* End PBXFileReference section */

/* Begin PBXFrameworksBuildPhase section */
		42A9BAD41D051BFA009B7ACF /* Frameworks */ = {
			isa = PBXFrameworksBuildPhase;
			buildActionMask = 2147483647;
			files = (
				424EA2F61D63DCB300234AE1 /* GameKit.framework in Frameworks */,
			);
			runOnlyForDeploymentPostprocessing = 0;
		};
		42A9BAEC1D051BFA009B7ACF /* Frameworks */ = {
			isa = PBXFrameworksBuildPhase;
			buildActionMask = 2147483647;
			files = (
			);
			runOnlyForDeploymentPostprocessing = 0;
		};
		42A9BAF71D051BFA009B7ACF /* Frameworks */ = {
			isa = PBXFrameworksBuildPhase;
			buildActionMask = 2147483647;
			files = (
			);
			runOnlyForDeploymentPostprocessing = 0;
		};
/* End PBXFrameworksBuildPhase section */

/* Begin PBXGroup section */
		42A9BACE1D051BFA009B7ACF = {
			isa = PBXGroup;
			children = (
				424EA2F51D63DCB300234AE1 /* GameKit.framework */,
				42A9BAD91D051BFA009B7ACF /* swiftris */,
				42A9BAF21D051BFA009B7ACF /* swiftrisTests */,
				42A9BAD81D051BFA009B7ACF /* Products */,
			);
			sourceTree = "<group>";
		};
		42A9BAD81D051BFA009B7ACF /* Products */ = {
			isa = PBXGroup;
			children = (
				42A9BAD71D051BFA009B7ACF /* swiftris.app */,
				42A9BAEF1D051BFA009B7ACF /* swiftrisTests.xctest */,
				42A9BAFA1D051BFA009B7ACF /* swiftrisUITests.xctest */,
			);
			name = Products;
			sourceTree = "<group>";
		};
		42A9BAD91D051BFA009B7ACF /* swiftris */ = {
			isa = PBXGroup;
			children = (
				42A9BADA1D051BFA009B7ACF /* AppDelegate.swift */,
				42DBE3571D6AC1C600D0A5E0 /* GameCenterCommunicator.swift */,
				42A9BADE1D051BFA009B7ACF /* GameScene.swift */,
				42A9BAE01D051BFA009B7ACF /* GameViewController.swift */,
				42A9BB481D2215DA009B7ACF /* HomeViewController.swift */,
				42A9BAE21D051BFA009B7ACF /* Main.storyboard */,
				42A9BAE51D051BFA009B7ACF /* Assets.xcassets */,
				CCA885AD1D20F1AC0061A040 /* Sprites.atlas */,
				CCA885AF1D20F1B40061A040 /* Sounds */,
				42A9BAEA1D051BFA009B7ACF /* Info.plist */,
				42A9BB251D0A48C4009B7ACF /* Array2D.swift */,
				42A9BB271D0BA46A009B7ACF /* Block.swift */,
				42A9BB291D10D526009B7ACF /* Shape.swift */,
				42A9BB391D10F5EE009B7ACF /* Swiftris.swift */,
				42A9BB2B1D10E31C009B7ACF /* SquareShape.swift */,
				42A9BB2D1D10E6D0009B7ACF /* TShape.swift */,
				42A9BB2F1D10E7D8009B7ACF /* LineShape.swift */,
				42A9BB311D10E815009B7ACF /* LShape.swift */,
				42A9BB331D10E880009B7ACF /* JShape.swift */,
				42A9BB351D10E8AA009B7ACF /* SShape.swift */,
				42A9BB371D10E8E0009B7ACF /* ZShape.swift */,
			);
			path = swiftris;
			sourceTree = "<group>";
		};
		42A9BAF21D051BFA009B7ACF /* swiftrisTests */ = {
			isa = PBXGroup;
			children = (
				42A9BAF31D051BFA009B7ACF /* swiftrisTests.swift */,
				42A9BAF51D051BFA009B7ACF /* Info.plist */,
			);
			path = swiftrisTests;
			sourceTree = "<group>";
		};
		CCA885AF1D20F1B40061A040 /* Sounds */ = {
			isa = PBXGroup;
			children = (
				CCA885B01D20F1B40061A040 /* bomb.mp3 */,
				CCA885B11D20F1B40061A040 /* drop.mp3 */,
				CCA885B21D20F1B40061A040 /* gameover.mp3 */,
				CCA885B31D20F1B40061A040 /* levelup.mp3 */,
				CCA885B41D20F1B40061A040 /* theme.mp3 */,
			);
			path = Sounds;
			sourceTree = "<group>";
		};
/* End PBXGroup section */

/* Begin PBXNativeTarget section */
		42A9BAD61D051BFA009B7ACF /* swiftris */ = {
			isa = PBXNativeTarget;
			buildConfigurationList = 42A9BB031D051BFA009B7ACF /* Build configuration list for PBXNativeTarget "swiftris" */;
			buildPhases = (
				42A9BAD31D051BFA009B7ACF /* Sources */,
				42A9BAD41D051BFA009B7ACF /* Frameworks */,
				42A9BAD51D051BFA009B7ACF /* Resources */,
			);
			buildRules = (
			);
			dependencies = (
			);
			name = swiftris;
			productName = swiftris;
			productReference = 42A9BAD71D051BFA009B7ACF /* swiftris.app */;
			productType = "com.apple.product-type.application";
		};
		42A9BAEE1D051BFA009B7ACF /* swiftrisTests */ = {
			isa = PBXNativeTarget;
			buildConfigurationList = 42A9BB061D051BFA009B7ACF /* Build configuration list for PBXNativeTarget "swiftrisTests" */;
			buildPhases = (
				42A9BAEB1D051BFA009B7ACF /* Sources */,
				42A9BAEC1D051BFA009B7ACF /* Frameworks */,
				42A9BAED1D051BFA009B7ACF /* Resources */,
			);
			buildRules = (
			);
			dependencies = (
				42A9BAF11D051BFA009B7ACF /* PBXTargetDependency */,
			);
			name = swiftrisTests;
			productName = swiftrisTests;
			productReference = 42A9BAEF1D051BFA009B7ACF /* swiftrisTests.xctest */;
			productType = "com.apple.product-type.bundle.unit-test";
		};
		42A9BAF91D051BFA009B7ACF /* swiftrisUITests */ = {
			isa = PBXNativeTarget;
			buildConfigurationList = 42A9BB091D051BFA009B7ACF /* Build configuration list for PBXNativeTarget "swiftrisUITests" */;
			buildPhases = (
				42A9BAF61D051BFA009B7ACF /* Sources */,
				42A9BAF71D051BFA009B7ACF /* Frameworks */,
				42A9BAF81D051BFA009B7ACF /* Resources */,
			);
			buildRules = (
			);
			dependencies = (
				42A9BAFC1D051BFA009B7ACF /* PBXTargetDependency */,
			);
			name = swiftrisUITests;
			productName = swiftrisUITests;
			productReference = 42A9BAFA1D051BFA009B7ACF /* swiftrisUITests.xctest */;
			productType = "com.apple.product-type.bundle.ui-testing";
		};
/* End PBXNativeTarget section */

/* Begin PBXProject section */
		42A9BACF1D051BFA009B7ACF /* Project object */ = {
			isa = PBXProject;
			attributes = {
				LastSwiftUpdateCheck = 0730;
				LastUpgradeCheck = 0730;
				ORGANIZATIONNAME = Bloc;
				TargetAttributes = {
					42A9BAD61D051BFA009B7ACF = {
						CreatedOnToolsVersion = 7.3.1;
						DevelopmentTeam = 4JCU9KWRYR;
						SystemCapabilities = {
							com.apple.GameCenter = {
								enabled = 1;
							};
						};
					};
					42A9BAEE1D051BFA009B7ACF = {
						CreatedOnToolsVersion = 7.3.1;
						TestTargetID = 42A9BAD61D051BFA009B7ACF;
					};
					42A9BAF91D051BFA009B7ACF = {
						CreatedOnToolsVersion = 7.3.1;
						TestTargetID = 42A9BAD61D051BFA009B7ACF;
					};
				};
			};
			buildConfigurationList = 42A9BAD21D051BFA009B7ACF /* Build configuration list for PBXProject "swiftris" */;
			compatibilityVersion = "Xcode 3.2";
			developmentRegion = English;
			hasScannedForEncodings = 0;
			knownRegions = (
				en,
				Base,
			);
			mainGroup = 42A9BACE1D051BFA009B7ACF;
			productRefGroup = 42A9BAD81D051BFA009B7ACF /* Products */;
			projectDirPath = "";
			projectRoot = "";
			targets = (
				42A9BAD61D051BFA009B7ACF /* swiftris */,
				42A9BAEE1D051BFA009B7ACF /* swiftrisTests */,
				42A9BAF91D051BFA009B7ACF /* swiftrisUITests */,
			);
		};
/* End PBXProject section */

/* Begin PBXResourcesBuildPhase section */
		42A9BAD51D051BFA009B7ACF /* Resources */ = {
			isa = PBXResourcesBuildPhase;
			buildActionMask = 2147483647;
			files = (
				CCA885B71D20F1B40061A040 /* gameover.mp3 in Resources */,
				CCA885B51D20F1B40061A040 /* bomb.mp3 in Resources */,
				42A9BAE61D051BFA009B7ACF /* Assets.xcassets in Resources */,
				CCA885AE1D20F1AC0061A040 /* Sprites.atlas in Resources */,
				42A9BAE41D051BFA009B7ACF /* Main.storyboard in Resources */,
				CCA885B81D20F1B40061A040 /* levelup.mp3 in Resources */,
				CCA885B61D20F1B40061A040 /* drop.mp3 in Resources */,
				CCA885B91D20F1B40061A040 /* theme.mp3 in Resources */,
			);
			runOnlyForDeploymentPostprocessing = 0;
		};
		42A9BAED1D051BFA009B7ACF /* Resources */ = {
			isa = PBXResourcesBuildPhase;
			buildActionMask = 2147483647;
			files = (
			);
			runOnlyForDeploymentPostprocessing = 0;
		};
		42A9BAF81D051BFA009B7ACF /* Resources */ = {
			isa = PBXResourcesBuildPhase;
			buildActionMask = 2147483647;
			files = (
			);
			runOnlyForDeploymentPostprocessing = 0;
		};
/* End PBXResourcesBuildPhase section */

/* Begin PBXSourcesBuildPhase section */
		42A9BAD31D051BFA009B7ACF /* Sources */ = {
			isa = PBXSourcesBuildPhase;
			buildActionMask = 2147483647;
			files = (
				42A9BB321D10E815009B7ACF /* LShape.swift in Sources */,
				42A9BB2C1D10E31C009B7ACF /* SquareShape.swift in Sources */,
				42A9BADF1D051BFA009B7ACF /* GameScene.swift in Sources */,
				42A9BB341D10E880009B7ACF /* JShape.swift in Sources */,
				42A9BB3A1D10F5EE009B7ACF /* Swiftris.swift in Sources */,
				42A9BB491D2215DA009B7ACF /* HomeViewController.swift in Sources */,
				42A9BB2A1D10D526009B7ACF /* Shape.swift in Sources */,
				42A9BB261D0A48C4009B7ACF /* Array2D.swift in Sources */,
				42A9BB301D10E7D9009B7ACF /* LineShape.swift in Sources */,
				42A9BB361D10E8AA009B7ACF /* SShape.swift in Sources */,
				42A9BB2E1D10E6D0009B7ACF /* TShape.swift in Sources */,
				42DBE3581D6AC1C600D0A5E0 /* GameCenterCommunicator.swift in Sources */,
				42A9BB281D0BA46A009B7ACF /* Block.swift in Sources */,
				42A9BAE11D051BFA009B7ACF /* GameViewController.swift in Sources */,
				42A9BB381D10E8E0009B7ACF /* ZShape.swift in Sources */,
				42A9BADB1D051BFA009B7ACF /* AppDelegate.swift in Sources */,
			);
			runOnlyForDeploymentPostprocessing = 0;
		};
		42A9BAEB1D051BFA009B7ACF /* Sources */ = {
			isa = PBXSourcesBuildPhase;
			buildActionMask = 2147483647;
			files = (
				42A9BAF41D051BFA009B7ACF /* swiftrisTests.swift in Sources */,
				42DBE3591D6AC1C600D0A5E0 /* GameCenterCommunicator.swift in Sources */,
			);
			runOnlyForDeploymentPostprocessing = 0;
		};
		42A9BAF61D051BFA009B7ACF /* Sources */ = {
			isa = PBXSourcesBuildPhase;
			buildActionMask = 2147483647;
			files = (
			);
			runOnlyForDeploymentPostprocessing = 0;
		};
/* End PBXSourcesBuildPhase section */

/* Begin PBXTargetDependency section */
		42A9BAF11D051BFA009B7ACF /* PBXTargetDependency */ = {
			isa = PBXTargetDependency;
			target = 42A9BAD61D051BFA009B7ACF /* swiftris */;
			targetProxy = 42A9BAF01D051BFA009B7ACF /* PBXContainerItemProxy */;
		};
		42A9BAFC1D051BFA009B7ACF /* PBXTargetDependency */ = {
			isa = PBXTargetDependency;
			target = 42A9BAD61D051BFA009B7ACF /* swiftris */;
			targetProxy = 42A9BAFB1D051BFA009B7ACF /* PBXContainerItemProxy */;
		};
/* End PBXTargetDependency section */

/* Begin PBXVariantGroup section */
		42A9BAE21D051BFA009B7ACF /* Main.storyboard */ = {
			isa = PBXVariantGroup;
			children = (
				42A9BAE31D051BFA009B7ACF /* Base */,
			);
			name = Main.storyboard;
			sourceTree = "<group>";
		};
/* End PBXVariantGroup section */

/* Begin XCBuildConfiguration section */
		42A9BB011D051BFA009B7ACF /* Debug */ = {
			isa = XCBuildConfiguration;
			buildSettings = {
				ALWAYS_SEARCH_USER_PATHS = NO;
				CLANG_ANALYZER_NONNULL = YES;
				CLANG_CXX_LANGUAGE_STANDARD = "gnu++0x";
				CLANG_CXX_LIBRARY = "libc++";
				CLANG_ENABLE_MODULES = YES;
				CLANG_ENABLE_OBJC_ARC = YES;
				CLANG_WARN_BOOL_CONVERSION = YES;
				CLANG_WARN_CONSTANT_CONVERSION = YES;
				CLANG_WARN_DIRECT_OBJC_ISA_USAGE = YES_ERROR;
				CLANG_WARN_EMPTY_BODY = YES;
				CLANG_WARN_ENUM_CONVERSION = YES;
				CLANG_WARN_INT_CONVERSION = YES;
				CLANG_WARN_OBJC_ROOT_CLASS = YES_ERROR;
				CLANG_WARN_UNREACHABLE_CODE = YES;
				CLANG_WARN__DUPLICATE_METHOD_MATCH = YES;
				"CODE_SIGN_IDENTITY[sdk=iphoneos*]" = "iPhone Developer";
				COPY_PHASE_STRIP = NO;
				DEBUG_INFORMATION_FORMAT = "dwarf-with-dsym";
				ENABLE_STRICT_OBJC_MSGSEND = YES;
				ENABLE_TESTABILITY = YES;
				GCC_C_LANGUAGE_STANDARD = gnu99;
				GCC_DYNAMIC_NO_PIC = NO;
				GCC_NO_COMMON_BLOCKS = YES;
				GCC_OPTIMIZATION_LEVEL = 0;
				GCC_PREPROCESSOR_DEFINITIONS = (
					"DEBUG=1",
					"$(inherited)",
				);
				GCC_WARN_64_TO_32_BIT_CONVERSION = YES;
				GCC_WARN_ABOUT_RETURN_TYPE = YES_ERROR;
				GCC_WARN_UNDECLARED_SELECTOR = YES;
				GCC_WARN_UNINITIALIZED_AUTOS = YES_AGGRESSIVE;
				GCC_WARN_UNUSED_FUNCTION = YES;
				GCC_WARN_UNUSED_VARIABLE = YES;
				IPHONEOS_DEPLOYMENT_TARGET = 9.2;
				MTL_ENABLE_DEBUG_INFO = YES;
				ONLY_ACTIVE_ARCH = YES;
				SDKROOT = iphoneos;
				SWIFT_OPTIMIZATION_LEVEL = "-Onone";
			};
			name = Debug;
		};
		42A9BB021D051BFA009B7ACF /* Release */ = {
			isa = XCBuildConfiguration;
			buildSettings = {
				ALWAYS_SEARCH_USER_PATHS = NO;
				CLANG_ANALYZER_NONNULL = YES;
				CLANG_CXX_LANGUAGE_STANDARD = "gnu++0x";
				CLANG_CXX_LIBRARY = "libc++";
				CLANG_ENABLE_MODULES = YES;
				CLANG_ENABLE_OBJC_ARC = YES;
				CLANG_WARN_BOOL_CONVERSION = YES;
				CLANG_WARN_CONSTANT_CONVERSION = YES;
				CLANG_WARN_DIRECT_OBJC_ISA_USAGE = YES_ERROR;
				CLANG_WARN_EMPTY_BODY = YES;
				CLANG_WARN_ENUM_CONVERSION = YES;
				CLANG_WARN_INT_CONVERSION = YES;
				CLANG_WARN_OBJC_ROOT_CLASS = YES_ERROR;
				CLANG_WARN_UNREACHABLE_CODE = YES;
				CLANG_WARN__DUPLICATE_METHOD_MATCH = YES;
				"CODE_SIGN_IDENTITY[sdk=iphoneos*]" = "iPhone Developer";
				COPY_PHASE_STRIP = NO;
				DEBUG_INFORMATION_FORMAT = "dwarf-with-dsym";
				ENABLE_NS_ASSERTIONS = NO;
				ENABLE_STRICT_OBJC_MSGSEND = YES;
				GCC_C_LANGUAGE_STANDARD = gnu99;
				GCC_NO_COMMON_BLOCKS = YES;
				GCC_WARN_64_TO_32_BIT_CONVERSION = YES;
				GCC_WARN_ABOUT_RETURN_TYPE = YES_ERROR;
				GCC_WARN_UNDECLARED_SELECTOR = YES;
				GCC_WARN_UNINITIALIZED_AUTOS = YES_AGGRESSIVE;
				GCC_WARN_UNUSED_FUNCTION = YES;
				GCC_WARN_UNUSED_VARIABLE = YES;
				IPHONEOS_DEPLOYMENT_TARGET = 9.2;
				MTL_ENABLE_DEBUG_INFO = NO;
				SDKROOT = iphoneos;
				VALIDATE_PRODUCT = YES;
			};
			name = Release;
		};
		42A9BB041D051BFA009B7ACF /* Debug */ = {
			isa = XCBuildConfiguration;
			buildSettings = {
				ASSETCATALOG_COMPILER_APPICON_NAME = AppIcon;
				CODE_SIGN_IDENTITY = "iPhone Developer";
				"CODE_SIGN_IDENTITY[sdk=iphoneos*]" = "iPhone Developer";
				INFOPLIST_FILE = swiftris/Info.plist;
				LD_RUNPATH_SEARCH_PATHS = "$(inherited) @executable_path/Frameworks";
				PRODUCT_BUNDLE_IDENTIFIER = com.hackenberger.swiftris;
				PRODUCT_NAME = "$(TARGET_NAME)";
				PROVISIONING_PROFILE = "";
			};
			name = Debug;
		};
		42A9BB051D051BFA009B7ACF /* Release */ = {
			isa = XCBuildConfiguration;
			buildSettings = {
				ASSETCATALOG_COMPILER_APPICON_NAME = AppIcon;
				CODE_SIGN_IDENTITY = "iPhone Developer";
				"CODE_SIGN_IDENTITY[sdk=iphoneos*]" = "iPhone Developer";
				INFOPLIST_FILE = swiftris/Info.plist;
				LD_RUNPATH_SEARCH_PATHS = "$(inherited) @executable_path/Frameworks";
				PRODUCT_BUNDLE_IDENTIFIER = com.hackenberger.swiftris;
				PRODUCT_NAME = "$(TARGET_NAME)";
				PROVISIONING_PROFILE = "";
			};
			name = Release;
		};
		42A9BB071D051BFA009B7ACF /* Debug */ = {
			isa = XCBuildConfiguration;
			buildSettings = {
				BUNDLE_LOADER = "$(TEST_HOST)";
				DEBUG_INFORMATION_FORMAT = dwarf;
				INFOPLIST_FILE = swiftrisTests/Info.plist;
				LD_RUNPATH_SEARCH_PATHS = "$(inherited) @executable_path/Frameworks @loader_path/Frameworks";
				PRODUCT_BUNDLE_IDENTIFIER = bloc.io.swiftrisTests;
				PRODUCT_NAME = "$(TARGET_NAME)";
				TEST_HOST = "$(BUILT_PRODUCTS_DIR)/swiftris.app/swiftris";
			};
			name = Debug;
		};
		42A9BB081D051BFA009B7ACF /* Release */ = {
			isa = XCBuildConfiguration;
			buildSettings = {
				BUNDLE_LOADER = "$(TEST_HOST)";
				INFOPLIST_FILE = swiftrisTests/Info.plist;
				LD_RUNPATH_SEARCH_PATHS = "$(inherited) @executable_path/Frameworks @loader_path/Frameworks";
				PRODUCT_BUNDLE_IDENTIFIER = bloc.io.swiftrisTests;
				PRODUCT_NAME = "$(TARGET_NAME)";
				TEST_HOST = "$(BUILT_PRODUCTS_DIR)/swiftris.app/swiftris";
			};
			name = Release;
		};
		42A9BB0A1D051BFA009B7ACF /* Debug */ = {
			isa = XCBuildConfiguration;
			buildSettings = {
				DEBUG_INFORMATION_FORMAT = dwarf;
				INFOPLIST_FILE = swiftrisUITests/Info.plist;
				LD_RUNPATH_SEARCH_PATHS = "$(inherited) @executable_path/Frameworks @loader_path/Frameworks";
				PRODUCT_BUNDLE_IDENTIFIER = bloc.io.swiftrisUITests;
				PRODUCT_NAME = "$(TARGET_NAME)";
				TEST_TARGET_NAME = swiftris;
			};
			name = Debug;
		};
		42A9BB0B1D051BFA009B7ACF /* Release */ = {
			isa = XCBuildConfiguration;
			buildSettings = {
				INFOPLIST_FILE = swiftrisUITests/Info.plist;
				LD_RUNPATH_SEARCH_PATHS = "$(inherited) @executable_path/Frameworks @loader_path/Frameworks";
				PRODUCT_BUNDLE_IDENTIFIER = bloc.io.swiftrisUITests;
				PRODUCT_NAME = "$(TARGET_NAME)";
				TEST_TARGET_NAME = swiftris;
			};
			name = Release;
		};
/* End XCBuildConfiguration section */

/* Begin XCConfigurationList section */
		42A9BAD21D051BFA009B7ACF /* Build configuration list for PBXProject "swiftris" */ = {
			isa = XCConfigurationList;
			buildConfigurations = (
				42A9BB011D051BFA009B7ACF /* Debug */,
				42A9BB021D051BFA009B7ACF /* Release */,
			);
			defaultConfigurationIsVisible = 0;
			defaultConfigurationName = Release;
		};
		42A9BB031D051BFA009B7ACF /* Build configuration list for PBXNativeTarget "swiftris" */ = {
			isa = XCConfigurationList;
			buildConfigurations = (
				42A9BB041D051BFA009B7ACF /* Debug */,
				42A9BB051D051BFA009B7ACF /* Release */,
			);
			defaultConfigurationIsVisible = 0;
			defaultConfigurationName = Release;
		};
		42A9BB061D051BFA009B7ACF /* Build configuration list for PBXNativeTarget "swiftrisTests" */ = {
			isa = XCConfigurationList;
			buildConfigurations = (
				42A9BB071D051BFA009B7ACF /* Debug */,
				42A9BB081D051BFA009B7ACF /* Release */,
			);
			defaultConfigurationIsVisible = 0;
			defaultConfigurationName = Release;
		};
		42A9BB091D051BFA009B7ACF /* Build configuration list for PBXNativeTarget "swiftrisUITests" */ = {
			isa = XCConfigurationList;
			buildConfigurations = (
				42A9BB0A1D051BFA009B7ACF /* Debug */,
				42A9BB0B1D051BFA009B7ACF /* Release */,
			);
			defaultConfigurationIsVisible = 0;
			defaultConfigurationName = Release;
		};
/* End XCConfigurationList section */
	};
	rootObject = 42A9BACF1D051BFA009B7ACF /* Project object */;
}
